// !$*UTF8*$!
{
	archiveVersion = 1;
	classes = {
	};
	objectVersion = 46;
	objects = {

/* Begin PBXBuildFile section */
		D13053EE152EDD2F0028A900 /* UIKit.framework in Frameworks */ = {isa = PBXBuildFile; fileRef = D13053ED152EDD2F0028A900 /* UIKit.framework */; };
		D13053F0152EDD2F0028A900 /* Foundation.framework in Frameworks */ = {isa = PBXBuildFile; fileRef = D13053EF152EDD2F0028A900 /* Foundation.framework */; };
		D13053F2152EDD2F0028A900 /* CoreGraphics.framework in Frameworks */ = {isa = PBXBuildFile; fileRef = D13053F1152EDD2F0028A900 /* CoreGraphics.framework */; };
		D13053F8152EDD2F0028A900 /* InfoPlist.strings in Resources */ = {isa = PBXBuildFile; fileRef = D13053F6152EDD2F0028A900 /* InfoPlist.strings */; };
		D13053FA152EDD2F0028A900 /* main.m in Sources */ = {isa = PBXBuildFile; fileRef = D13053F9152EDD2F0028A900 /* main.m */; };
		D13053FE152EDD2F0028A900 /* AppDelegate.m in Sources */ = {isa = PBXBuildFile; fileRef = D13053FD152EDD2F0028A900 /* AppDelegate.m */; };
		D130540D152EDE860028A900 /* TestAPPThread.m in Sources */ = {isa = PBXBuildFile; fileRef = D130540C152EDE860028A900 /* TestAPPThread.m */; };
		D143A39B153610AC00439B6E /* APPThread.m in Sources */ = {isa = PBXBuildFile; fileRef = D143A39A153610AC00439B6E /* APPThread.m */; settings = {COMPILER_FLAGS = "-fno-objc-arc"; }; };
/* End PBXBuildFile section */

/* Begin PBXFileReference section */
		D13053E9152EDD2F0028A900 /* APPThread-Example.app */ = {isa = PBXFileReference; explicitFileType = wrapper.application; includeInIndex = 0; path = "APPThread-Example.app"; sourceTree = BUILT_PRODUCTS_DIR; };
		D13053ED152EDD2F0028A900 /* UIKit.framework */ = {isa = PBXFileReference; lastKnownFileType = wrapper.framework; name = UIKit.framework; path = System/Library/Frameworks/UIKit.framework; sourceTree = SDKROOT; };
		D13053EF152EDD2F0028A900 /* Foundation.framework */ = {isa = PBXFileReference; lastKnownFileType = wrapper.framework; name = Foundation.framework; path = System/Library/Frameworks/Foundation.framework; sourceTree = SDKROOT; };
		D13053F1152EDD2F0028A900 /* CoreGraphics.framework */ = {isa = PBXFileReference; lastKnownFileType = wrapper.framework; name = CoreGraphics.framework; path = System/Library/Frameworks/CoreGraphics.framework; sourceTree = SDKROOT; };
		D13053F5152EDD2F0028A900 /* APPThread-Example-Info.plist */ = {isa = PBXFileReference; lastKnownFileType = text.plist.xml; path = "APPThread-Example-Info.plist"; sourceTree = "<group>"; };
		D13053F7152EDD2F0028A900 /* en */ = {isa = PBXFileReference; lastKnownFileType = text.plist.strings; name = en; path = en.lproj/InfoPlist.strings; sourceTree = "<group>"; };
		D13053F9152EDD2F0028A900 /* main.m */ = {isa = PBXFileReference; lastKnownFileType = sourcecode.c.objc; path = main.m; sourceTree = "<group>"; };
		D13053FB152EDD2F0028A900 /* APPThread-Example-Prefix.pch */ = {isa = PBXFileReference; lastKnownFileType = sourcecode.c.h; path = "APPThread-Example-Prefix.pch"; sourceTree = "<group>"; };
		D13053FC152EDD2F0028A900 /* AppDelegate.h */ = {isa = PBXFileReference; lastKnownFileType = sourcecode.c.h; path = AppDelegate.h; sourceTree = "<group>"; };
		D13053FD152EDD2F0028A900 /* AppDelegate.m */ = {isa = PBXFileReference; lastKnownFileType = sourcecode.c.objc; path = AppDelegate.m; sourceTree = "<group>"; };
		D130540B152EDE860028A900 /* TestAPPThread.h */ = {isa = PBXFileReference; fileEncoding = 4; lastKnownFileType = sourcecode.c.h; path = TestAPPThread.h; sourceTree = "<group>"; };
		D130540C152EDE860028A900 /* TestAPPThread.m */ = {isa = PBXFileReference; fileEncoding = 4; lastKnownFileType = sourcecode.c.objc; path = TestAPPThread.m; sourceTree = "<group>"; };
		D143A399153610AC00439B6E /* APPThread.h */ = {isa = PBXFileReference; fileEncoding = 4; lastKnownFileType = sourcecode.c.h; path = APPThread.h; sourceTree = "<group>"; };
		D143A39A153610AC00439B6E /* APPThread.m */ = {isa = PBXFileReference; fileEncoding = 4; lastKnownFileType = sourcecode.c.objc; path = APPThread.m; sourceTree = "<group>"; };
/* End PBXFileReference section */

/* Begin PBXFrameworksBuildPhase section */
		D13053E6152EDD2F0028A900 /* Frameworks */ = {
			isa = PBXFrameworksBuildPhase;
			buildActionMask = 2147483647;
			files = (
				D13053EE152EDD2F0028A900 /* UIKit.framework in Frameworks */,
				D13053F0152EDD2F0028A900 /* Foundation.framework in Frameworks */,
				D13053F2152EDD2F0028A900 /* CoreGraphics.framework in Frameworks */,
			);
			runOnlyForDeploymentPostprocessing = 0;
		};
/* End PBXFrameworksBuildPhase section */

/* Begin PBXGroup section */
		D13053DE152EDD2F0028A900 = {
			isa = PBXGroup;
			children = (
				D130540E152EDE990028A900 /* APPThread */,
				D13053F3152EDD2F0028A900 /* APPThread-Example */,
				D13053EC152EDD2F0028A900 /* Frameworks */,
				D13053EA152EDD2F0028A900 /* Products */,
			);
			sourceTree = "<group>";
		};
		D13053EA152EDD2F0028A900 /* Products */ = {
			isa = PBXGroup;
			children = (
				D13053E9152EDD2F0028A900 /* APPThread-Example.app */,
			);
			name = Products;
			sourceTree = "<group>";
		};
		D13053EC152EDD2F0028A900 /* Frameworks */ = {
			isa = PBXGroup;
			children = (
				D13053ED152EDD2F0028A900 /* UIKit.framework */,
				D13053EF152EDD2F0028A900 /* Foundation.framework */,
				D13053F1152EDD2F0028A900 /* CoreGraphics.framework */,
			);
			name = Frameworks;
			sourceTree = "<group>";
		};
		D13053F3152EDD2F0028A900 /* APPThread-Example */ = {
			isa = PBXGroup;
			children = (
				D13053FC152EDD2F0028A900 /* AppDelegate.h */,
				D13053FD152EDD2F0028A900 /* AppDelegate.m */,
				D130540B152EDE860028A900 /* TestAPPThread.h */,
				D130540C152EDE860028A900 /* TestAPPThread.m */,
				D13053F4152EDD2F0028A900 /* Supporting Files */,
			);
			path = "APPThread-Example";
			sourceTree = "<group>";
		};
		D13053F4152EDD2F0028A900 /* Supporting Files */ = {
			isa = PBXGroup;
			children = (
				D13053F5152EDD2F0028A900 /* APPThread-Example-Info.plist */,
				D13053F6152EDD2F0028A900 /* InfoPlist.strings */,
				D13053F9152EDD2F0028A900 /* main.m */,
				D13053FB152EDD2F0028A900 /* APPThread-Example-Prefix.pch */,
			);
			name = "Supporting Files";
			sourceTree = "<group>";
		};
		D130540E152EDE990028A900 /* APPThread */ = {
			isa = PBXGroup;
			children = (
				D143A399153610AC00439B6E /* APPThread.h */,
				D143A39A153610AC00439B6E /* APPThread.m */,
			);
			path = APPThread;
			sourceTree = "<group>";
		};
/* End PBXGroup section */

/* Begin PBXNativeTarget section */
		D13053E8152EDD2F0028A900 /* APPThread-Example */ = {
			isa = PBXNativeTarget;
			buildConfigurationList = D1305401152EDD2F0028A900 /* Build configuration list for PBXNativeTarget "APPThread-Example" */;
			buildPhases = (
				D13053E5152EDD2F0028A900 /* Sources */,
				D13053E6152EDD2F0028A900 /* Frameworks */,
				D13053E7152EDD2F0028A900 /* Resources */,
			);
			buildRules = (
			);
			dependencies = (
			);
			name = "APPThread-Example";
			productName = "APPThread-Example";
			productReference = D13053E9152EDD2F0028A900 /* APPThread-Example.app */;
			productType = "com.apple.product-type.application";
		};
/* End PBXNativeTarget section */

/* Begin PBXProject section */
		D13053E0152EDD2F0028A900 /* Project object */ = {
			isa = PBXProject;
			attributes = {
				LastUpgradeCheck = 0430;
			};
			buildConfigurationList = D13053E3152EDD2F0028A900 /* Build configuration list for PBXProject "APPThread-Example" */;
			compatibilityVersion = "Xcode 3.2";
			developmentRegion = English;
			hasScannedForEncodings = 0;
			knownRegions = (
				en,
			);
			mainGroup = D13053DE152EDD2F0028A900;
			productRefGroup = D13053EA152EDD2F0028A900 /* Products */;
			projectDirPath = "";
			projectRoot = "";
			targets = (
				D13053E8152EDD2F0028A900 /* APPThread-Example */,
			);
		};
/* End PBXProject section */

/* Begin PBXResourcesBuildPhase section */
		D13053E7152EDD2F0028A900 /* Resources */ = {
			isa = PBXResourcesBuildPhase;
			buildActionMask = 2147483647;
			files = (
				D13053F8152EDD2F0028A900 /* InfoPlist.strings in Resources */,
			);
			runOnlyForDeploymentPostprocessing = 0;
		};
/* End PBXResourcesBuildPhase section */

/* Begin PBXSourcesBuildPhase section */
		D13053E5152EDD2F0028A900 /* Sources */ = {
			isa = PBXSourcesBuildPhase;
			buildActionMask = 2147483647;
			files = (
				D13053FA152EDD2F0028A900 /* main.m in Sources */,
				D13053FE152EDD2F0028A900 /* AppDelegate.m in Sources */,
				D130540D152EDE860028A900 /* TestAPPThread.m in Sources */,
				D143A39B153610AC00439B6E /* APPThread.m in Sources */,
			);
			runOnlyForDeploymentPostprocessing = 0;
		};
/* End PBXSourcesBuildPhase section */

/* Begin PBXVariantGroup section */
		D13053F6152EDD2F0028A900 /* InfoPlist.strings */ = {
			isa = PBXVariantGroup;
			children = (
				D13053F7152EDD2F0028A900 /* en */,
			);
			name = InfoPlist.strings;
			sourceTree = "<group>";
		};
/* End PBXVariantGroup section */

/* Begin XCBuildConfiguration section */
		D13053FF152EDD2F0028A900 /* Debug */ = {
			isa = XCBuildConfiguration;
			buildSettings = {
				ALWAYS_SEARCH_USER_PATHS = NO;
				ARCHS = "$(ARCHS_STANDARD_32_BIT)";
				CLANG_ENABLE_OBJC_ARC = YES;
				"CODE_SIGN_IDENTITY[sdk=iphoneos*]" = "iPhone Developer";
				COPY_PHASE_STRIP = NO;
				GCC_C_LANGUAGE_STANDARD = gnu99;
				GCC_DYNAMIC_NO_PIC = NO;
				GCC_OPTIMIZATION_LEVEL = 0;
				GCC_PREPROCESSOR_DEFINITIONS = (
					"DEBUG=1",
					"$(inherited)",
				);
				GCC_SYMBOLS_PRIVATE_EXTERN = NO;
				GCC_VERSION = com.apple.compilers.llvm.clang.1_0;
				GCC_WARN_ABOUT_RETURN_TYPE = YES;
				GCC_WARN_UNINITIALIZED_AUTOS = YES;
				GCC_WARN_UNUSED_VARIABLE = YES;
				IPHONEOS_DEPLOYMENT_TARGET = 4.0;
				SDKROOT = iphoneos;
			};
			name = Debug;
		};
		D1305400152EDD2F0028A900 /* Release */ = {
			isa = XCBuildConfiguration;
			buildSettings = {
				ALWAYS_SEARCH_USER_PATHS = NO;
				ARCHS = "$(ARCHS_STANDARD_32_BIT)";
				CLANG_ENABLE_OBJC_ARC = YES;
				"CODE_SIGN_IDENTITY[sdk=iphoneos*]" = "iPhone Developer";
				COPY_PHASE_STRIP = YES;
				GCC_C_LANGUAGE_STANDARD = gnu99;
				GCC_VERSION = com.apple.compilers.llvm.clang.1_0;
				GCC_WARN_ABOUT_RETURN_TYPE = YES;
				GCC_WARN_UNINITIALIZED_AUTOS = YES;
				GCC_WARN_UNUSED_VARIABLE = YES;
				IPHONEOS_DEPLOYMENT_TARGET = 4.0;
				OTHER_CFLAGS = "-DNS_BLOCK_ASSERTIONS=1";
				SDKROOT = iphoneos;
				VALIDATE_PRODUCT = YES;
			};
			name = Release;
		};
		D1305402152EDD2F0028A900 /* Debug */ = {
			isa = XCBuildConfiguration;
			buildSettings = {
				GCC_PRECOMPILE_PREFIX_HEADER = YES;
				GCC_PREFIX_HEADER = "APPThread-Example/APPThread-Example-Prefix.pch";
				INFOPLIST_FILE = "APPThread-Example/APPThread-Example-Info.plist";
				PRODUCT_NAME = "$(TARGET_NAME)";
				WRAPPER_EXTENSION = app;
			};
			name = Debug;
		};
		D1305403152EDD2F0028A900 /* Release */ = {
			isa = XCBuildConfiguration;
			buildSettings = {
				GCC_PRECOMPILE_PREFIX_HEADER = YES;
				GCC_PREFIX_HEADER = "APPThread-Example/APPThread-Example-Prefix.pch";
				INFOPLIST_FILE = "APPThread-Example/APPThread-Example-Info.plist";
				PRODUCT_NAME = "$(TARGET_NAME)";
				WRAPPER_EXTENSION = app;
			};
			name = Release;
		};
/* End XCBuildConfiguration section */

/* Begin XCConfigurationList section */
		D13053E3152EDD2F0028A900 /* Build configuration list for PBXProject "APPThread-Example" */ = {
			isa = XCConfigurationList;
			buildConfigurations = (
				D13053FF152EDD2F0028A900 /* Debug */,
				D1305400152EDD2F0028A900 /* Release */,
			);
			defaultConfigurationIsVisible = 0;
			defaultConfigurationName = Release;
		};
		D1305401152EDD2F0028A900 /* Build configuration list for PBXNativeTarget "APPThread-Example" */ = {
			isa = XCConfigurationList;
			buildConfigurations = (
				D1305402152EDD2F0028A900 /* Debug */,
				D1305403152EDD2F0028A900 /* Release */,
			);
			defaultConfigurationIsVisible = 0;
			defaultConfigurationName = Release;
		};
/* End XCConfigurationList section */
	};
	rootObject = D13053E0152EDD2F0028A900 /* Project object */;
}
